
Microsoft Visual Studio Solution File, Format Version 12.00
# Visual Studio 2012
Project("{FAE04EC0-301F-11D3-BF4B-00C04F79EFBC}") = "QLearningForm", "Q-Learning\QLearningForm.csproj", "{2E45C47C-5F9E-4CE6-8362-4AD97D9BE0B6}"
EndProject
Project("{FAE04EC0-301F-11D3-BF4B-00C04F79EFBC}") = "QLearningAlgorithm", "QLearningAlgorithm\QLearningAlgorithm.csproj", "{C8F43BE5-D13B-4FAB-9B0E-A89BAC8F9CB1}"
EndProject
Global
	GlobalSection(SolutionConfigurationPlatforms) = preSolution
		Debug|Any CPU = Debug|Any CPU
		Release|Any CPU = Release|Any CPU
	EndGlobalSection
	GlobalSection(ProjectConfigurationPlatforms) = postSolution
		{2E45C47C-5F9E-4CE6-8362-4AD97D9BE0B6}.Debug|Any CPU.ActiveCfg = Debug|Any CPU
		{2E45C47C-5F9E-4CE6-8362-4AD97D9BE0B6}.Debug|Any CPU.Build.0 = Debug|Any CPU
		{2E45C47C-5F9E-4CE6-8362-4AD97D9BE0B6}.Release|Any CPU.ActiveCfg = Release|Any CPU
		{2E45C47C-5F9E-4CE6-8362-4AD97D9BE0B6}.Release|Any CPU.Build.0 = Release|Any CPU
		{C8F43BE5-D13B-4FAB-9B0E-A89BAC8F9CB1}.Debug|Any CPU.ActiveCfg = Debug|Any CPU
		{C8F43BE5-D13B-4FAB-9B0E-A89BAC8F9CB1}.Debug|Any CPU.Build.0 = Debug|Any CPU
		{C8F43BE5-D13B-4FAB-9B0E-A89BAC8F9CB1}.Release|Any CPU.ActiveCfg = Release|Any CPU
		{C8F43BE5-D13B-4FAB-9B0E-A89BAC8F9CB1}.Release|Any CPU.Build.0 = Release|Any CPU
	EndGlobalSection
	GlobalSection(SolutionProperties) = preSolution
		HideSolutionNode = FALSE
	EndGlobalSection
EndGlobal
